
Microsoft Visual Studio Solution File, Format Version 12.00
# Visual Studio Version 17
VisualStudioVersion = 17.0.31903.59
MinimumVisualStudioVersion = 10.0.40219.1
Project("{2150E333-8FDC-42A3-9474-1A3956D46DE8}") = "src", "src", "{8F7B2246-8FC0-4AF2-A7CC-09DC9B5081EA}"
EndProject
Project("{FAE04EC0-301F-11D3-BF4B-00C04F79EFBC}") = "Logger", "src\Logger\Logger.csproj", "{DFDF35FB-1AA5-4832-A0DD-5C0001999A70}"
EndProject
Project("{FAE04EC0-301F-11D3-BF4B-00C04F79EFBC}") = "Webapi", "src\Webapi\Webapi.csproj", "{1F5AF446-E893-4A86-8998-B96467BDEE16}"
EndProject
Global
	GlobalSection(SolutionConfigurationPlatforms) = preSolution
		Debug|Any CPU = Debug|Any CPU
		Release|Any CPU = Release|Any CPU
	EndGlobalSection
	GlobalSection(SolutionProperties) = preSolution
		HideSolutionNode = FALSE
	EndGlobalSection
	GlobalSection(ProjectConfigurationPlatforms) = postSolution
		{DFDF35FB-1AA5-4832-A0DD-5C0001999A70}.Debug|Any CPU.ActiveCfg = Debug|Any CPU
		{DFDF35FB-1AA5-4832-A0DD-5C0001999A70}.Debug|Any CPU.Build.0 = Debug|Any CPU
		{DFDF35FB-1AA5-4832-A0DD-5C0001999A70}.Release|Any CPU.ActiveCfg = Release|Any CPU
		{DFDF35FB-1AA5-4832-A0DD-5C0001999A70}.Release|Any CPU.Build.0 = Release|Any CPU
		{1F5AF446-E893-4A86-8998-B96467BDEE16}.Debug|Any CPU.ActiveCfg = Debug|Any CPU
		{1F5AF446-E893-4A86-8998-B96467BDEE16}.Debug|Any CPU.Build.0 = Debug|Any CPU
		{1F5AF446-E893-4A86-8998-B96467BDEE16}.Release|Any CPU.ActiveCfg = Release|Any CPU
		{1F5AF446-E893-4A86-8998-B96467BDEE16}.Release|Any CPU.Build.0 = Release|Any CPU
	EndGlobalSection
	GlobalSection(NestedProjects) = preSolution
		{DFDF35FB-1AA5-4832-A0DD-5C0001999A70} = {8F7B2246-8FC0-4AF2-A7CC-09DC9B5081EA}
		{1F5AF446-E893-4A86-8998-B96467BDEE16} = {8F7B2246-8FC0-4AF2-A7CC-09DC9B5081EA}
	EndGlobalSection
EndGlobal
